
Microsoft Visual Studio Solution File, Format Version 12.00
# Visual Studio Version 16
VisualStudioVersion = 16.0.32802.440
MinimumVisualStudioVersion = 10.0.40219.1
Project("{FAE04EC0-301F-11D3-BF4B-00C04F79EFBC}") = "Peanut SE Task", "Peanut SE Task.csproj", "{51B2FF7D-33F7-4B3B-9DD8-7AA91C71B3EE}"
EndProject
Global
	GlobalSection(SolutionConfigurationPlatforms) = preSolution
		Debug|Any CPU = Debug|Any CPU
		Release|Any CPU = Release|Any CPU
	EndGlobalSection
	GlobalSection(ProjectConfigurationPlatforms) = postSolution
		{51B2FF7D-33F7-4B3B-9DD8-7AA91C71B3EE}.Debug|Any CPU.ActiveCfg = Debug|Any CPU
		{51B2FF7D-33F7-4B3B-9DD8-7AA91C71B3EE}.Debug|Any CPU.Build.0 = Debug|Any CPU
		{51B2FF7D-33F7-4B3B-9DD8-7AA91C71B3EE}.Release|Any CPU.ActiveCfg = Release|Any CPU
		{51B2FF7D-33F7-4B3B-9DD8-7AA91C71B3EE}.Release|Any CPU.Build.0 = Release|Any CPU
	EndGlobalSection
	GlobalSection(SolutionProperties) = preSolution
		HideSolutionNode = FALSE
	EndGlobalSection
	GlobalSection(ExtensibilityGlobals) = postSolution
		SolutionGuid = {2D2F6216-3EB5-474D-872F-D9F5204A12E7}
	EndGlobalSection
EndGlobal
